
Microsoft Visual Studio Solution File, Format Version 12.00
# Visual Studio Version 16
VisualStudioVersion = 16.0.31624.102
MinimumVisualStudioVersion = 10.0.40219.1
Project("{FAE04EC0-301F-11D3-BF4B-00C04F79EFBC}") = "Проблема 24", "Проблема 24.csproj", "{243B3694-8458-4D13-88D3-16DC33F3543E}"
EndProject
Global
	GlobalSection(SolutionConfigurationPlatforms) = preSolution
		Debug|Any CPU = Debug|Any CPU
		Release|Any CPU = Release|Any CPU
	EndGlobalSection
	GlobalSection(ProjectConfigurationPlatforms) = postSolution
		{243B3694-8458-4D13-88D3-16DC33F3543E}.Debug|Any CPU.ActiveCfg = Debug|Any CPU
		{243B3694-8458-4D13-88D3-16DC33F3543E}.Debug|Any CPU.Build.0 = Debug|Any CPU
		{243B3694-8458-4D13-88D3-16DC33F3543E}.Release|Any CPU.ActiveCfg = Release|Any CPU
		{243B3694-8458-4D13-88D3-16DC33F3543E}.Release|Any CPU.Build.0 = Release|Any CPU
	EndGlobalSection
	GlobalSection(SolutionProperties) = preSolution
		HideSolutionNode = FALSE
	EndGlobalSection
	GlobalSection(ExtensibilityGlobals) = postSolution
		SolutionGuid = {E40F903B-BF60-46A9-ACA5-B77B38423344}
	EndGlobalSection
EndGlobal
