
Microsoft Visual Studio Solution File, Format Version 12.00
# Visual Studio Version 16
VisualStudioVersion = 16.0.31624.102
MinimumVisualStudioVersion = 10.0.40219.1
Project("{FAE04EC0-301F-11D3-BF4B-00C04F79EFBC}") = "Проблема 206", "Проблема 206.csproj", "{F547F2E6-81AC-4DCB-8D97-1A1040D66ABF}"
EndProject
Global
	GlobalSection(SolutionConfigurationPlatforms) = preSolution
		Debug|Any CPU = Debug|Any CPU
		Release|Any CPU = Release|Any CPU
	EndGlobalSection
	GlobalSection(ProjectConfigurationPlatforms) = postSolution
		{F547F2E6-81AC-4DCB-8D97-1A1040D66ABF}.Debug|Any CPU.ActiveCfg = Debug|Any CPU
		{F547F2E6-81AC-4DCB-8D97-1A1040D66ABF}.Debug|Any CPU.Build.0 = Debug|Any CPU
		{F547F2E6-81AC-4DCB-8D97-1A1040D66ABF}.Release|Any CPU.ActiveCfg = Release|Any CPU
		{F547F2E6-81AC-4DCB-8D97-1A1040D66ABF}.Release|Any CPU.Build.0 = Release|Any CPU
	EndGlobalSection
	GlobalSection(SolutionProperties) = preSolution
		HideSolutionNode = FALSE
	EndGlobalSection
	GlobalSection(ExtensibilityGlobals) = postSolution
		SolutionGuid = {9F50578A-05C8-4AA1-882B-F8E5553119D9}
	EndGlobalSection
EndGlobal
