
Microsoft Visual Studio Solution File, Format Version 12.00
# Visual Studio Version 16
VisualStudioVersion = 16.0.31624.102
MinimumVisualStudioVersion = 10.0.40219.1
Project("{FAE04EC0-301F-11D3-BF4B-00C04F79EFBC}") = "Проблема 21", "Проблема 21.csproj", "{FC447875-9248-4864-AA19-5D081EC01E5A}"
EndProject
Global
	GlobalSection(SolutionConfigurationPlatforms) = preSolution
		Debug|Any CPU = Debug|Any CPU
		Release|Any CPU = Release|Any CPU
	EndGlobalSection
	GlobalSection(ProjectConfigurationPlatforms) = postSolution
		{FC447875-9248-4864-AA19-5D081EC01E5A}.Debug|Any CPU.ActiveCfg = Debug|Any CPU
		{FC447875-9248-4864-AA19-5D081EC01E5A}.Debug|Any CPU.Build.0 = Debug|Any CPU
		{FC447875-9248-4864-AA19-5D081EC01E5A}.Release|Any CPU.ActiveCfg = Release|Any CPU
		{FC447875-9248-4864-AA19-5D081EC01E5A}.Release|Any CPU.Build.0 = Release|Any CPU
	EndGlobalSection
	GlobalSection(SolutionProperties) = preSolution
		HideSolutionNode = FALSE
	EndGlobalSection
	GlobalSection(ExtensibilityGlobals) = postSolution
		SolutionGuid = {BA0BEB47-5E71-4982-8B7F-CF9617547BC1}
	EndGlobalSection
EndGlobal
