
Microsoft Visual Studio Solution File, Format Version 12.00
# Visual Studio Version 16
VisualStudioVersion = 16.0.31624.102
MinimumVisualStudioVersion = 10.0.40219.1
Project("{FAE04EC0-301F-11D3-BF4B-00C04F79EFBC}") = "Проблема 3", "Проблема 3\Проблема 3.csproj", "{D8AA4FE4-76C6-41C7-BDA0-714FEBD4985B}"
EndProject
Global
	GlobalSection(SolutionConfigurationPlatforms) = preSolution
		Debug|Any CPU = Debug|Any CPU
		Release|Any CPU = Release|Any CPU
	EndGlobalSection
	GlobalSection(ProjectConfigurationPlatforms) = postSolution
		{D8AA4FE4-76C6-41C7-BDA0-714FEBD4985B}.Debug|Any CPU.ActiveCfg = Debug|Any CPU
		{D8AA4FE4-76C6-41C7-BDA0-714FEBD4985B}.Debug|Any CPU.Build.0 = Debug|Any CPU
		{D8AA4FE4-76C6-41C7-BDA0-714FEBD4985B}.Release|Any CPU.ActiveCfg = Release|Any CPU
		{D8AA4FE4-76C6-41C7-BDA0-714FEBD4985B}.Release|Any CPU.Build.0 = Release|Any CPU
	EndGlobalSection
	GlobalSection(SolutionProperties) = preSolution
		HideSolutionNode = FALSE
	EndGlobalSection
	GlobalSection(ExtensibilityGlobals) = postSolution
		SolutionGuid = {F78CD4B4-18E6-4AB4-88FB-EEAECF48B8DD}
	EndGlobalSection
EndGlobal
