
Microsoft Visual Studio Solution File, Format Version 12.00
# Visual Studio Version 16
VisualStudioVersion = 16.0.31624.102
MinimumVisualStudioVersion = 10.0.40219.1
Project("{FAE04EC0-301F-11D3-BF4B-00C04F79EFBC}") = "Проблема 44", "Проблема 44.csproj", "{FDD363C5-981F-449F-8F54-154F16B58F0B}"
EndProject
Global
	GlobalSection(SolutionConfigurationPlatforms) = preSolution
		Debug|Any CPU = Debug|Any CPU
		Release|Any CPU = Release|Any CPU
	EndGlobalSection
	GlobalSection(ProjectConfigurationPlatforms) = postSolution
		{FDD363C5-981F-449F-8F54-154F16B58F0B}.Debug|Any CPU.ActiveCfg = Debug|Any CPU
		{FDD363C5-981F-449F-8F54-154F16B58F0B}.Debug|Any CPU.Build.0 = Debug|Any CPU
		{FDD363C5-981F-449F-8F54-154F16B58F0B}.Release|Any CPU.ActiveCfg = Release|Any CPU
		{FDD363C5-981F-449F-8F54-154F16B58F0B}.Release|Any CPU.Build.0 = Release|Any CPU
	EndGlobalSection
	GlobalSection(SolutionProperties) = preSolution
		HideSolutionNode = FALSE
	EndGlobalSection
	GlobalSection(ExtensibilityGlobals) = postSolution
		SolutionGuid = {06B3424A-5EA3-443B-9F43-5FE1B2E24353}
	EndGlobalSection
EndGlobal
