
Microsoft Visual Studio Solution File, Format Version 12.00
# Visual Studio Version 16
VisualStudioVersion = 16.0.31624.102
MinimumVisualStudioVersion = 10.0.40219.1
Project("{FAE04EC0-301F-11D3-BF4B-00C04F79EFBC}") = "Проблема 29", "Проблема 29.csproj", "{F85D0E5F-8D7A-48BC-A7D0-4D0E7445A243}"
EndProject
Global
	GlobalSection(SolutionConfigurationPlatforms) = preSolution
		Debug|Any CPU = Debug|Any CPU
		Release|Any CPU = Release|Any CPU
	EndGlobalSection
	GlobalSection(ProjectConfigurationPlatforms) = postSolution
		{F85D0E5F-8D7A-48BC-A7D0-4D0E7445A243}.Debug|Any CPU.ActiveCfg = Debug|Any CPU
		{F85D0E5F-8D7A-48BC-A7D0-4D0E7445A243}.Debug|Any CPU.Build.0 = Debug|Any CPU
		{F85D0E5F-8D7A-48BC-A7D0-4D0E7445A243}.Release|Any CPU.ActiveCfg = Release|Any CPU
		{F85D0E5F-8D7A-48BC-A7D0-4D0E7445A243}.Release|Any CPU.Build.0 = Release|Any CPU
	EndGlobalSection
	GlobalSection(SolutionProperties) = preSolution
		HideSolutionNode = FALSE
	EndGlobalSection
	GlobalSection(ExtensibilityGlobals) = postSolution
		SolutionGuid = {8A1BBD62-CC61-4C09-91C7-1B5A58EA8111}
	EndGlobalSection
EndGlobal
