
Microsoft Visual Studio Solution File, Format Version 12.00
# Visual Studio Version 16
VisualStudioVersion = 16.0.31624.102
MinimumVisualStudioVersion = 10.0.40219.1
Project("{FAE04EC0-301F-11D3-BF4B-00C04F79EFBC}") = "Проблема 12", "Проблема 12.csproj", "{C501942D-E41D-4654-A0F0-506CB341041B}"
EndProject
Global
	GlobalSection(SolutionConfigurationPlatforms) = preSolution
		Debug|Any CPU = Debug|Any CPU
		Release|Any CPU = Release|Any CPU
	EndGlobalSection
	GlobalSection(ProjectConfigurationPlatforms) = postSolution
		{C501942D-E41D-4654-A0F0-506CB341041B}.Debug|Any CPU.ActiveCfg = Debug|Any CPU
		{C501942D-E41D-4654-A0F0-506CB341041B}.Debug|Any CPU.Build.0 = Debug|Any CPU
		{C501942D-E41D-4654-A0F0-506CB341041B}.Release|Any CPU.ActiveCfg = Release|Any CPU
		{C501942D-E41D-4654-A0F0-506CB341041B}.Release|Any CPU.Build.0 = Release|Any CPU
	EndGlobalSection
	GlobalSection(SolutionProperties) = preSolution
		HideSolutionNode = FALSE
	EndGlobalSection
	GlobalSection(ExtensibilityGlobals) = postSolution
		SolutionGuid = {5C8493A0-A987-44A2-803C-C30BA9D6B361}
	EndGlobalSection
EndGlobal
