
Microsoft Visual Studio Solution File, Format Version 12.00
# Visual Studio Version 16
VisualStudioVersion = 16.0.31624.102
MinimumVisualStudioVersion = 10.0.40219.1
Project("{FAE04EC0-301F-11D3-BF4B-00C04F79EFBC}") = "Проблема 63", "Проблема 63.csproj", "{87D31CB0-E41B-4828-8BBF-EF0AB66E7707}"
EndProject
Global
	GlobalSection(SolutionConfigurationPlatforms) = preSolution
		Debug|Any CPU = Debug|Any CPU
		Release|Any CPU = Release|Any CPU
	EndGlobalSection
	GlobalSection(ProjectConfigurationPlatforms) = postSolution
		{87D31CB0-E41B-4828-8BBF-EF0AB66E7707}.Debug|Any CPU.ActiveCfg = Debug|Any CPU
		{87D31CB0-E41B-4828-8BBF-EF0AB66E7707}.Debug|Any CPU.Build.0 = Debug|Any CPU
		{87D31CB0-E41B-4828-8BBF-EF0AB66E7707}.Release|Any CPU.ActiveCfg = Release|Any CPU
		{87D31CB0-E41B-4828-8BBF-EF0AB66E7707}.Release|Any CPU.Build.0 = Release|Any CPU
	EndGlobalSection
	GlobalSection(SolutionProperties) = preSolution
		HideSolutionNode = FALSE
	EndGlobalSection
	GlobalSection(ExtensibilityGlobals) = postSolution
		SolutionGuid = {16E472EE-2C4B-400E-8577-FCE2FBDF5EDA}
	EndGlobalSection
EndGlobal
