
Microsoft Visual Studio Solution File, Format Version 12.00
# Visual Studio Version 16
VisualStudioVersion = 16.0.31624.102
MinimumVisualStudioVersion = 10.0.40219.1
Project("{FAE04EC0-301F-11D3-BF4B-00C04F79EFBC}") = "Проблема 11", "Проблема 11.csproj", "{618741E9-2478-4D42-9374-74681AD4A48D}"
EndProject
Global
	GlobalSection(SolutionConfigurationPlatforms) = preSolution
		Debug|Any CPU = Debug|Any CPU
		Release|Any CPU = Release|Any CPU
	EndGlobalSection
	GlobalSection(ProjectConfigurationPlatforms) = postSolution
		{618741E9-2478-4D42-9374-74681AD4A48D}.Debug|Any CPU.ActiveCfg = Debug|Any CPU
		{618741E9-2478-4D42-9374-74681AD4A48D}.Debug|Any CPU.Build.0 = Debug|Any CPU
		{618741E9-2478-4D42-9374-74681AD4A48D}.Release|Any CPU.ActiveCfg = Release|Any CPU
		{618741E9-2478-4D42-9374-74681AD4A48D}.Release|Any CPU.Build.0 = Release|Any CPU
	EndGlobalSection
	GlobalSection(SolutionProperties) = preSolution
		HideSolutionNode = FALSE
	EndGlobalSection
	GlobalSection(ExtensibilityGlobals) = postSolution
		SolutionGuid = {C3226DC8-5542-4E91-BD4D-D38165A95DF0}
	EndGlobalSection
EndGlobal
