
Microsoft Visual Studio Solution File, Format Version 12.00
# Visual Studio Version 16
VisualStudioVersion = 16.0.31624.102
MinimumVisualStudioVersion = 10.0.40219.1
Project("{FAE04EC0-301F-11D3-BF4B-00C04F79EFBC}") = "Проблема 14", "Проблема 14.csproj", "{347CFEDE-367D-41E9-91E2-CEB7050604CA}"
EndProject
Global
	GlobalSection(SolutionConfigurationPlatforms) = preSolution
		Debug|Any CPU = Debug|Any CPU
		Release|Any CPU = Release|Any CPU
	EndGlobalSection
	GlobalSection(ProjectConfigurationPlatforms) = postSolution
		{347CFEDE-367D-41E9-91E2-CEB7050604CA}.Debug|Any CPU.ActiveCfg = Debug|Any CPU
		{347CFEDE-367D-41E9-91E2-CEB7050604CA}.Debug|Any CPU.Build.0 = Debug|Any CPU
		{347CFEDE-367D-41E9-91E2-CEB7050604CA}.Release|Any CPU.ActiveCfg = Release|Any CPU
		{347CFEDE-367D-41E9-91E2-CEB7050604CA}.Release|Any CPU.Build.0 = Release|Any CPU
	EndGlobalSection
	GlobalSection(SolutionProperties) = preSolution
		HideSolutionNode = FALSE
	EndGlobalSection
	GlobalSection(ExtensibilityGlobals) = postSolution
		SolutionGuid = {53F984A3-1D47-4670-BC30-A605DA37D0DA}
	EndGlobalSection
EndGlobal
