
Microsoft Visual Studio Solution File, Format Version 12.00
# Visual Studio Version 16
VisualStudioVersion = 16.0.31624.102
MinimumVisualStudioVersion = 10.0.40219.1
Project("{FAE04EC0-301F-11D3-BF4B-00C04F79EFBC}") = "Проблема 39", "Проблема 39.csproj", "{E6C12649-ACDB-4882-94B9-17F7355C7453}"
EndProject
Global
	GlobalSection(SolutionConfigurationPlatforms) = preSolution
		Debug|Any CPU = Debug|Any CPU
		Release|Any CPU = Release|Any CPU
	EndGlobalSection
	GlobalSection(ProjectConfigurationPlatforms) = postSolution
		{E6C12649-ACDB-4882-94B9-17F7355C7453}.Debug|Any CPU.ActiveCfg = Debug|Any CPU
		{E6C12649-ACDB-4882-94B9-17F7355C7453}.Debug|Any CPU.Build.0 = Debug|Any CPU
		{E6C12649-ACDB-4882-94B9-17F7355C7453}.Release|Any CPU.ActiveCfg = Release|Any CPU
		{E6C12649-ACDB-4882-94B9-17F7355C7453}.Release|Any CPU.Build.0 = Release|Any CPU
	EndGlobalSection
	GlobalSection(SolutionProperties) = preSolution
		HideSolutionNode = FALSE
	EndGlobalSection
	GlobalSection(ExtensibilityGlobals) = postSolution
		SolutionGuid = {8F4C1D1F-9614-4571-B6DD-E215CE77446A}
	EndGlobalSection
EndGlobal
