
Microsoft Visual Studio Solution File, Format Version 12.00
# Visual Studio Version 16
VisualStudioVersion = 16.0.31624.102
MinimumVisualStudioVersion = 10.0.40219.1
Project("{FAE04EC0-301F-11D3-BF4B-00C04F79EFBC}") = "Проблема 25", "Проблема 25.csproj", "{CCC3580B-A9DF-40F1-9781-AA63DF3BA67F}"
EndProject
Global
	GlobalSection(SolutionConfigurationPlatforms) = preSolution
		Debug|Any CPU = Debug|Any CPU
		Release|Any CPU = Release|Any CPU
	EndGlobalSection
	GlobalSection(ProjectConfigurationPlatforms) = postSolution
		{CCC3580B-A9DF-40F1-9781-AA63DF3BA67F}.Debug|Any CPU.ActiveCfg = Debug|Any CPU
		{CCC3580B-A9DF-40F1-9781-AA63DF3BA67F}.Debug|Any CPU.Build.0 = Debug|Any CPU
		{CCC3580B-A9DF-40F1-9781-AA63DF3BA67F}.Release|Any CPU.ActiveCfg = Release|Any CPU
		{CCC3580B-A9DF-40F1-9781-AA63DF3BA67F}.Release|Any CPU.Build.0 = Release|Any CPU
	EndGlobalSection
	GlobalSection(SolutionProperties) = preSolution
		HideSolutionNode = FALSE
	EndGlobalSection
	GlobalSection(ExtensibilityGlobals) = postSolution
		SolutionGuid = {C917F9F2-4D30-4ED4-B345-B2011F8D0485}
	EndGlobalSection
EndGlobal
