
Microsoft Visual Studio Solution File, Format Version 12.00
# Visual Studio Version 16
VisualStudioVersion = 16.0.31624.102
MinimumVisualStudioVersion = 10.0.40219.1
Project("{8BC9CEB8-8B4A-11D0-8D11-00A0C91BC942}") = "1. Сумма натуральных чисел, кратных 3 и 5", "1. Сумма натуральных чисел, кратных 3 и 5.vcxproj", "{6FCDC0F3-F857-4E36-84BA-2CCD66DDC1F8}"
EndProject
Global
	GlobalSection(SolutionConfigurationPlatforms) = preSolution
		Debug|x64 = Debug|x64
		Debug|x86 = Debug|x86
		Release|x64 = Release|x64
		Release|x86 = Release|x86
	EndGlobalSection
	GlobalSection(ProjectConfigurationPlatforms) = postSolution
		{6FCDC0F3-F857-4E36-84BA-2CCD66DDC1F8}.Debug|x64.ActiveCfg = Debug|x64
		{6FCDC0F3-F857-4E36-84BA-2CCD66DDC1F8}.Debug|x64.Build.0 = Debug|x64
		{6FCDC0F3-F857-4E36-84BA-2CCD66DDC1F8}.Debug|x86.ActiveCfg = Debug|Win32
		{6FCDC0F3-F857-4E36-84BA-2CCD66DDC1F8}.Debug|x86.Build.0 = Debug|Win32
		{6FCDC0F3-F857-4E36-84BA-2CCD66DDC1F8}.Release|x64.ActiveCfg = Release|x64
		{6FCDC0F3-F857-4E36-84BA-2CCD66DDC1F8}.Release|x64.Build.0 = Release|x64
		{6FCDC0F3-F857-4E36-84BA-2CCD66DDC1F8}.Release|x86.ActiveCfg = Release|Win32
		{6FCDC0F3-F857-4E36-84BA-2CCD66DDC1F8}.Release|x86.Build.0 = Release|Win32
	EndGlobalSection
	GlobalSection(SolutionProperties) = preSolution
		HideSolutionNode = FALSE
	EndGlobalSection
	GlobalSection(ExtensibilityGlobals) = postSolution
		SolutionGuid = {AFA05D5B-0AA5-4C7E-ADA7-874A7A796364}
	EndGlobalSection
EndGlobal
