
Microsoft Visual Studio Solution File, Format Version 12.00
# Visual Studio Version 16
VisualStudioVersion = 16.0.31624.102
MinimumVisualStudioVersion = 10.0.40219.1
Project("{FAE04EC0-301F-11D3-BF4B-00C04F79EFBC}") = "Проблема 52", "Проблема 52.csproj", "{907CEACF-15C0-4868-BCCF-B92348780289}"
EndProject
Global
	GlobalSection(SolutionConfigurationPlatforms) = preSolution
		Debug|Any CPU = Debug|Any CPU
		Release|Any CPU = Release|Any CPU
	EndGlobalSection
	GlobalSection(ProjectConfigurationPlatforms) = postSolution
		{907CEACF-15C0-4868-BCCF-B92348780289}.Debug|Any CPU.ActiveCfg = Debug|Any CPU
		{907CEACF-15C0-4868-BCCF-B92348780289}.Debug|Any CPU.Build.0 = Debug|Any CPU
		{907CEACF-15C0-4868-BCCF-B92348780289}.Release|Any CPU.ActiveCfg = Release|Any CPU
		{907CEACF-15C0-4868-BCCF-B92348780289}.Release|Any CPU.Build.0 = Release|Any CPU
	EndGlobalSection
	GlobalSection(SolutionProperties) = preSolution
		HideSolutionNode = FALSE
	EndGlobalSection
	GlobalSection(ExtensibilityGlobals) = postSolution
		SolutionGuid = {7420647D-B22C-4884-A490-8234EEB6178E}
	EndGlobalSection
EndGlobal
